// !$*UTF8*$!
{
	archiveVersion = 1;
	classes = {
	};
	objectVersion = 46;
	objects = {

/* Begin PBXBuildFile section */
		BED902EF1989EFB7007CF33D /* Foundation.framework in Frameworks */ = {isa = PBXBuildFile; fileRef = BED902EE1989EFB7007CF33D /* Foundation.framework */; };
		BED902F11989EFB7007CF33D /* CoreGraphics.framework in Frameworks */ = {isa = PBXBuildFile; fileRef = BED902F01989EFB7007CF33D /* CoreGraphics.framework */; };
		BED902F31989EFB7007CF33D /* UIKit.framework in Frameworks */ = {isa = PBXBuildFile; fileRef = BED902F21989EFB7007CF33D /* UIKit.framework */; };
		BED902F91989EFB7007CF33D /* InfoPlist.strings in Resources */ = {isa = PBXBuildFile; fileRef = BED902F71989EFB7007CF33D /* InfoPlist.strings */; };
		BED902FB1989EFB7007CF33D /* main.m in Sources */ = {isa = PBXBuildFile; fileRef = BED902FA1989EFB7007CF33D /* main.m */; };
		BED902FF1989EFB7007CF33D /* SFSAppDelegate.m in Sources */ = {isa = PBXBuildFile; fileRef = BED902FE1989EFB7007CF33D /* SFSAppDelegate.m */; };
		BED903021989EFB7007CF33D /* Main_iPhone.storyboard in Resources */ = {isa = PBXBuildFile; fileRef = BED903001989EFB7007CF33D /* Main_iPhone.storyboard */; };
		BED903051989EFB7007CF33D /* Main_iPad.storyboard in Resources */ = {isa = PBXBuildFile; fileRef = BED903031989EFB7007CF33D /* Main_iPad.storyboard */; };
		BED903081989EFB7007CF33D /* SFSViewController.m in Sources */ = {isa = PBXBuildFile; fileRef = BED903071989EFB7007CF33D /* SFSViewController.m */; };
		BED9030A1989EFB7007CF33D /* Images.xcassets in Resources */ = {isa = PBXBuildFile; fileRef = BED903091989EFB7007CF33D /* Images.xcassets */; };
		BED903111989EFB7007CF33D /* XCTest.framework in Frameworks */ = {isa = PBXBuildFile; fileRef = BED903101989EFB7007CF33D /* XCTest.framework */; };
		BED903121989EFB7007CF33D /* Foundation.framework in Frameworks */ = {isa = PBXBuildFile; fileRef = BED902EE1989EFB7007CF33D /* Foundation.framework */; };
		BED903131989EFB7007CF33D /* UIKit.framework in Frameworks */ = {isa = PBXBuildFile; fileRef = BED902F21989EFB7007CF33D /* UIKit.framework */; };
		BED9031B1989EFB7007CF33D /* InfoPlist.strings in Resources */ = {isa = PBXBuildFile; fileRef = BED903191989EFB7007CF33D /* InfoPlist.strings */; };
		BED9031D1989EFB7007CF33D /* SFSInterlacedImageViewTests.m in Sources */ = {isa = PBXBuildFile; fileRef = BED9031C1989EFB7007CF33D /* SFSInterlacedImageViewTests.m */; };
		BED9032D1989EFD3007CF33D /* SFSInterlacedImageView.m in Sources */ = {isa = PBXBuildFile; fileRef = BED903281989EFD3007CF33D /* SFSInterlacedImageView.m */; };
		BED9032E1989EFD3007CF33D /* SFSImageDataProvider.mm in Sources */ = {isa = PBXBuildFile; fileRef = BED9032A1989EFD3007CF33D /* SFSImageDataProvider.mm */; };
		BED9032F1989EFD3007CF33D /* SFSImageInterlacer.m in Sources */ = {isa = PBXBuildFile; fileRef = BED9032C1989EFD3007CF33D /* SFSImageInterlacer.m */; };
		BED903321989F05D007CF33D /* libpng.a in Frameworks */ = {isa = PBXBuildFile; fileRef = BED903311989F05D007CF33D /* libpng.a */; };
		BED9034E1989F073007CF33D /* libpng.m in Sources */ = {isa = PBXBuildFile; fileRef = BED903361989F073007CF33D /* libpng.m */; };
		BED9034F1989F073007CF33D /* LICENSE.libpng in Resources */ = {isa = PBXBuildFile; fileRef = BED903371989F073007CF33D /* LICENSE.libpng */; };
		BED903501989F073007CF33D /* png.c in Sources */ = {isa = PBXBuildFile; fileRef = BED903381989F073007CF33D /* png.c */; };
		BED903511989F073007CF33D /* pngerror.c in Sources */ = {isa = PBXBuildFile; fileRef = BED9033C1989F073007CF33D /* pngerror.c */; };
		BED903521989F073007CF33D /* pngget.c in Sources */ = {isa = PBXBuildFile; fileRef = BED9033D1989F073007CF33D /* pngget.c */; };
		BED903531989F073007CF33D /* pngmem.c in Sources */ = {isa = PBXBuildFile; fileRef = BED903401989F073007CF33D /* pngmem.c */; };
		BED903541989F073007CF33D /* pngpread.c in Sources */ = {isa = PBXBuildFile; fileRef = BED903411989F073007CF33D /* pngpread.c */; };
		BED903551989F073007CF33D /* pngread.c in Sources */ = {isa = PBXBuildFile; fileRef = BED903431989F073007CF33D /* pngread.c */; };
		BED903561989F073007CF33D /* pngrio.c in Sources */ = {isa = PBXBuildFile; fileRef = BED903441989F073007CF33D /* pngrio.c */; };
		BED903571989F073007CF33D /* pngrtran.c in Sources */ = {isa = PBXBuildFile; fileRef = BED903451989F073007CF33D /* pngrtran.c */; };
		BED903581989F073007CF33D /* pngrutil.c in Sources */ = {isa = PBXBuildFile; fileRef = BED903461989F073007CF33D /* pngrutil.c */; };
		BED903591989F073007CF33D /* pngset.c in Sources */ = {isa = PBXBuildFile; fileRef = BED903471989F073007CF33D /* pngset.c */; };
		BED9035A1989F073007CF33D /* pngtrans.c in Sources */ = {isa = PBXBuildFile; fileRef = BED903491989F073007CF33D /* pngtrans.c */; };
		BED9035B1989F073007CF33D /* pngwio.c in Sources */ = {isa = PBXBuildFile; fileRef = BED9034A1989F073007CF33D /* pngwio.c */; };
		BED9035C1989F073007CF33D /* pngwrite.c in Sources */ = {isa = PBXBuildFile; fileRef = BED9034B1989F073007CF33D /* pngwrite.c */; };
		BED9035D1989F073007CF33D /* pngwtran.c in Sources */ = {isa = PBXBuildFile; fileRef = BED9034C1989F073007CF33D /* pngwtran.c */; };
		BED9035E1989F073007CF33D /* pngwutil.c in Sources */ = {isa = PBXBuildFile; fileRef = BED9034D1989F073007CF33D /* pngwutil.c */; };
		BED903601989F0A3007CF33D /* libz.dylib in Frameworks */ = {isa = PBXBuildFile; fileRef = BED9035F1989F0A3007CF33D /* libz.dylib */; };
/* End PBXBuildFile section */

/* Begin PBXContainerItemProxy section */
		BED903141989EFB7007CF33D /* PBXContainerItemProxy */ = {
			isa = PBXContainerItemProxy;
			containerPortal = BED902E31989EFB7007CF33D /* Project object */;
			proxyType = 1;
			remoteGlobalIDString = BED902EA1989EFB7007CF33D;
			remoteInfo = SFSInterlacedImageView;
		};
/* End PBXContainerItemProxy section */

/* Begin PBXFileReference section */
		BED902EB1989EFB7007CF33D /* SFSInterlacedImageView.app */ = {isa = PBXFileReference; explicitFileType = wrapper.application; includeInIndex = 0; path = SFSInterlacedImageView.app; sourceTree = BUILT_PRODUCTS_DIR; };
		BED902EE1989EFB7007CF33D /* Foundation.framework */ = {isa = PBXFileReference; lastKnownFileType = wrapper.framework; name = Foundation.framework; path = System/Library/Frameworks/Foundation.framework; sourceTree = SDKROOT; };
		BED902F01989EFB7007CF33D /* CoreGraphics.framework */ = {isa = PBXFileReference; lastKnownFileType = wrapper.framework; name = CoreGraphics.framework; path = System/Library/Frameworks/CoreGraphics.framework; sourceTree = SDKROOT; };
		BED902F21989EFB7007CF33D /* UIKit.framework */ = {isa = PBXFileReference; lastKnownFileType = wrapper.framework; name = UIKit.framework; path = System/Library/Frameworks/UIKit.framework; sourceTree = SDKROOT; };
		BED902F61989EFB7007CF33D /* SFSInterlacedImageView-Info.plist */ = {isa = PBXFileReference; lastKnownFileType = text.plist.xml; path = "SFSInterlacedImageView-Info.plist"; sourceTree = "<group>"; };
		BED902F81989EFB7007CF33D /* en */ = {isa = PBXFileReference; lastKnownFileType = text.plist.strings; name = en; path = en.lproj/InfoPlist.strings; sourceTree = "<group>"; };
		BED902FA1989EFB7007CF33D /* main.m */ = {isa = PBXFileReference; lastKnownFileType = sourcecode.c.objc; path = main.m; sourceTree = "<group>"; };
		BED902FC1989EFB7007CF33D /* SFSInterlacedImageView-Prefix.pch */ = {isa = PBXFileReference; lastKnownFileType = sourcecode.c.h; path = "SFSInterlacedImageView-Prefix.pch"; sourceTree = "<group>"; };
		BED902FD1989EFB7007CF33D /* SFSAppDelegate.h */ = {isa = PBXFileReference; lastKnownFileType = sourcecode.c.h; path = SFSAppDelegate.h; sourceTree = "<group>"; };
		BED902FE1989EFB7007CF33D /* SFSAppDelegate.m */ = {isa = PBXFileReference; lastKnownFileType = sourcecode.c.objc; path = SFSAppDelegate.m; sourceTree = "<group>"; };
		BED903011989EFB7007CF33D /* Base */ = {isa = PBXFileReference; lastKnownFileType = file.storyboard; name = Base; path = Base.lproj/Main_iPhone.storyboard; sourceTree = "<group>"; };
		BED903041989EFB7007CF33D /* Base */ = {isa = PBXFileReference; lastKnownFileType = file.storyboard; name = Base; path = Base.lproj/Main_iPad.storyboard; sourceTree = "<group>"; };
		BED903061989EFB7007CF33D /* SFSViewController.h */ = {isa = PBXFileReference; lastKnownFileType = sourcecode.c.h; path = SFSViewController.h; sourceTree = "<group>"; };
		BED903071989EFB7007CF33D /* SFSViewController.m */ = {isa = PBXFileReference; lastKnownFileType = sourcecode.c.objc; path = SFSViewController.m; sourceTree = "<group>"; };
		BED903091989EFB7007CF33D /* Images.xcassets */ = {isa = PBXFileReference; lastKnownFileType = folder.assetcatalog; path = Images.xcassets; sourceTree = "<group>"; };
		BED9030F1989EFB7007CF33D /* SFSInterlacedImageViewTests.xctest */ = {isa = PBXFileReference; explicitFileType = wrapper.cfbundle; includeInIndex = 0; path = SFSInterlacedImageViewTests.xctest; sourceTree = BUILT_PRODUCTS_DIR; };
		BED903101989EFB7007CF33D /* XCTest.framework */ = {isa = PBXFileReference; lastKnownFileType = wrapper.framework; name = XCTest.framework; path = Library/Frameworks/XCTest.framework; sourceTree = DEVELOPER_DIR; };
		BED903181989EFB7007CF33D /* SFSInterlacedImageViewTests-Info.plist */ = {isa = PBXFileReference; lastKnownFileType = text.plist.xml; path = "SFSInterlacedImageViewTests-Info.plist"; sourceTree = "<group>"; };
		BED9031A1989EFB7007CF33D /* en */ = {isa = PBXFileReference; lastKnownFileType = text.plist.strings; name = en; path = en.lproj/InfoPlist.strings; sourceTree = "<group>"; };
		BED9031C1989EFB7007CF33D /* SFSInterlacedImageViewTests.m */ = {isa = PBXFileReference; lastKnownFileType = sourcecode.c.objc; path = SFSInterlacedImageViewTests.m; sourceTree = "<group>"; };
		BED903271989EFD3007CF33D /* SFSInterlacedImageView.h */ = {isa = PBXFileReference; fileEncoding = 4; lastKnownFileType = sourcecode.c.h; lineEnding = 0; path = SFSInterlacedImageView.h; sourceTree = "<group>"; xcLanguageSpecificationIdentifier = xcode.lang.objcpp; };
		BED903281989EFD3007CF33D /* SFSInterlacedImageView.m */ = {isa = PBXFileReference; fileEncoding = 4; lastKnownFileType = sourcecode.c.objc; lineEnding = 0; path = SFSInterlacedImageView.m; sourceTree = "<group>"; xcLanguageSpecificationIdentifier = xcode.lang.objc; };
		BED903291989EFD3007CF33D /* SFSImageDataProvider.h */ = {isa = PBXFileReference; fileEncoding = 4; lastKnownFileType = sourcecode.c.h; lineEnding = 0; path = SFSImageDataProvider.h; sourceTree = "<group>"; xcLanguageSpecificationIdentifier = xcode.lang.objcpp; };
		BED9032A1989EFD3007CF33D /* SFSImageDataProvider.mm */ = {isa = PBXFileReference; fileEncoding = 4; lastKnownFileType = sourcecode.cpp.objcpp; lineEnding = 0; path = SFSImageDataProvider.mm; sourceTree = "<group>"; xcLanguageSpecificationIdentifier = xcode.lang.objcpp; };
		BED9032B1989EFD3007CF33D /* SFSImageInterlacer.h */ = {isa = PBXFileReference; fileEncoding = 4; lastKnownFileType = sourcecode.c.h; lineEnding = 0; path = SFSImageInterlacer.h; sourceTree = "<group>"; xcLanguageSpecificationIdentifier = xcode.lang.objcpp; };
		BED9032C1989EFD3007CF33D /* SFSImageInterlacer.m */ = {isa = PBXFileReference; fileEncoding = 4; lastKnownFileType = sourcecode.c.objc; lineEnding = 0; path = SFSImageInterlacer.m; sourceTree = "<group>"; xcLanguageSpecificationIdentifier = xcode.lang.objc; };
		BED903311989F05D007CF33D /* libpng.a */ = {isa = PBXFileReference; lastKnownFileType = archive.ar; path = libpng.a; sourceTree = "<group>"; };
		BED903341989F073007CF33D /* libpng-Prefix.pch */ = {isa = PBXFileReference; fileEncoding = 4; lastKnownFileType = sourcecode.c.h; path = "libpng-Prefix.pch"; sourceTree = "<group>"; };
		BED903351989F073007CF33D /* libpng.h */ = {isa = PBXFileReference; fileEncoding = 4; lastKnownFileType = sourcecode.c.h; path = libpng.h; sourceTree = "<group>"; };
		BED903361989F073007CF33D /* libpng.m */ = {isa = PBXFileReference; fileEncoding = 4; lastKnownFileType = sourcecode.c.objc; path = libpng.m; sourceTree = "<group>"; };
		BED903371989F073007CF33D /* LICENSE.libpng */ = {isa = PBXFileReference; fileEncoding = 4; lastKnownFileType = text; path = LICENSE.libpng; sourceTree = "<group>"; };
		BED903381989F073007CF33D /* png.c */ = {isa = PBXFileReference; fileEncoding = 4; lastKnownFileType = sourcecode.c.c; path = png.c; sourceTree = "<group>"; };
		BED903391989F073007CF33D /* png.h */ = {isa = PBXFileReference; fileEncoding = 4; lastKnownFileType = sourcecode.c.h; path = png.h; sourceTree = "<group>"; };
		BED9033A1989F073007CF33D /* pngconf.h */ = {isa = PBXFileReference; fileEncoding = 4; lastKnownFileType = sourcecode.c.h; path = pngconf.h; sourceTree = "<group>"; };
		BED9033B1989F073007CF33D /* pngdebug.h */ = {isa = PBXFileReference; fileEncoding = 4; lastKnownFileType = sourcecode.c.h; path = pngdebug.h; sourceTree = "<group>"; };
		BED9033C1989F073007CF33D /* pngerror.c */ = {isa = PBXFileReference; fileEncoding = 4; lastKnownFileType = sourcecode.c.c; path = pngerror.c; sourceTree = "<group>"; };
		BED9033D1989F073007CF33D /* pngget.c */ = {isa = PBXFileReference; fileEncoding = 4; lastKnownFileType = sourcecode.c.c; path = pngget.c; sourceTree = "<group>"; };
		BED9033E1989F073007CF33D /* pnginfo.h */ = {isa = PBXFileReference; fileEncoding = 4; lastKnownFileType = sourcecode.c.h; path = pnginfo.h; sourceTree = "<group>"; };
		BED9033F1989F073007CF33D /* pnglibconf.h */ = {isa = PBXFileReference; fileEncoding = 4; lastKnownFileType = sourcecode.c.h; path = pnglibconf.h; sourceTree = "<group>"; };
		BED903401989F073007CF33D /* pngmem.c */ = {isa = PBXFileReference; fileEncoding = 4; lastKnownFileType = sourcecode.c.c; path = pngmem.c; sourceTree = "<group>"; };
		BED903411989F073007CF33D /* pngpread.c */ = {isa = PBXFileReference; fileEncoding = 4; lastKnownFileType = sourcecode.c.c; path = pngpread.c; sourceTree = "<group>"; };
		BED903421989F073007CF33D /* pngpriv.h */ = {isa = PBXFileReference; fileEncoding = 4; lastKnownFileType = sourcecode.c.h; path = pngpriv.h; sourceTree = "<group>"; };
		BED903431989F073007CF33D /* pngread.c */ = {isa = PBXFileReference; fileEncoding = 4; lastKnownFileType = sourcecode.c.c; path = pngread.c; sourceTree = "<group>"; };
		BED903441989F073007CF33D /* pngrio.c */ = {isa = PBXFileReference; fileEncoding = 4; lastKnownFileType = sourcecode.c.c; path = pngrio.c; sourceTree = "<group>"; };
		BED903451989F073007CF33D /* pngrtran.c */ = {isa = PBXFileReference; fileEncoding = 4; lastKnownFileType = sourcecode.c.c; path = pngrtran.c; sourceTree = "<group>"; };
		BED903461989F073007CF33D /* pngrutil.c */ = {isa = PBXFileReference; fileEncoding = 4; lastKnownFileType = sourcecode.c.c; path = pngrutil.c; sourceTree = "<group>"; };
		BED903471989F073007CF33D /* pngset.c */ = {isa = PBXFileReference; fileEncoding = 4; lastKnownFileType = sourcecode.c.c; path = pngset.c; sourceTree = "<group>"; };
		BED903481989F073007CF33D /* pngstruct.h */ = {isa = PBXFileReference; fileEncoding = 4; lastKnownFileType = sourcecode.c.h; path = pngstruct.h; sourceTree = "<group>"; };
		BED903491989F073007CF33D /* pngtrans.c */ = {isa = PBXFileReference; fileEncoding = 4; lastKnownFileType = sourcecode.c.c; path = pngtrans.c; sourceTree = "<group>"; };
		BED9034A1989F073007CF33D /* pngwio.c */ = {isa = PBXFileReference; fileEncoding = 4; lastKnownFileType = sourcecode.c.c; path = pngwio.c; sourceTree = "<group>"; };
		BED9034B1989F073007CF33D /* pngwrite.c */ = {isa = PBXFileReference; fileEncoding = 4; lastKnownFileType = sourcecode.c.c; path = pngwrite.c; sourceTree = "<group>"; };
		BED9034C1989F073007CF33D /* pngwtran.c */ = {isa = PBXFileReference; fileEncoding = 4; lastKnownFileType = sourcecode.c.c; path = pngwtran.c; sourceTree = "<group>"; };
		BED9034D1989F073007CF33D /* pngwutil.c */ = {isa = PBXFileReference; fileEncoding = 4; lastKnownFileType = sourcecode.c.c; path = pngwutil.c; sourceTree = "<group>"; };
		BED9035F1989F0A3007CF33D /* libz.dylib */ = {isa = PBXFileReference; lastKnownFileType = "compiled.mach-o.dylib"; name = libz.dylib; path = usr/lib/libz.dylib; sourceTree = SDKROOT; };
/* End PBXFileReference section */

/* Begin PBXFrameworksBuildPhase section */
		BED902E81989EFB7007CF33D /* Frameworks */ = {
			isa = PBXFrameworksBuildPhase;
			buildActionMask = 2147483647;
			files = (
				BED903601989F0A3007CF33D /* libz.dylib in Frameworks */,
				BED902F11989EFB7007CF33D /* CoreGraphics.framework in Frameworks */,
				BED902F31989EFB7007CF33D /* UIKit.framework in Frameworks */,
				BED902EF1989EFB7007CF33D /* Foundation.framework in Frameworks */,
				BED903321989F05D007CF33D /* libpng.a in Frameworks */,
			);
			runOnlyForDeploymentPostprocessing = 0;
		};
		BED9030C1989EFB7007CF33D /* Frameworks */ = {
			isa = PBXFrameworksBuildPhase;
			buildActionMask = 2147483647;
			files = (
				BED903111989EFB7007CF33D /* XCTest.framework in Frameworks */,
				BED903131989EFB7007CF33D /* UIKit.framework in Frameworks */,
				BED903121989EFB7007CF33D /* Foundation.framework in Frameworks */,
			);
			runOnlyForDeploymentPostprocessing = 0;
		};
/* End PBXFrameworksBuildPhase section */

/* Begin PBXGroup section */
		BED902E21989EFB7007CF33D = {
			isa = PBXGroup;
			children = (
				BED902F41989EFB7007CF33D /* SFSInterlacedImageView */,
				BED903161989EFB7007CF33D /* SFSInterlacedImageViewTests */,
				BED902ED1989EFB7007CF33D /* Frameworks */,
				BED902EC1989EFB7007CF33D /* Products */,
			);
			sourceTree = "<group>";
		};
		BED902EC1989EFB7007CF33D /* Products */ = {
			isa = PBXGroup;
			children = (
				BED902EB1989EFB7007CF33D /* SFSInterlacedImageView.app */,
				BED9030F1989EFB7007CF33D /* SFSInterlacedImageViewTests.xctest */,
			);
			name = Products;
			sourceTree = "<group>";
		};
		BED902ED1989EFB7007CF33D /* Frameworks */ = {
			isa = PBXGroup;
			children = (
				BED9035F1989F0A3007CF33D /* libz.dylib */,
				BED902EE1989EFB7007CF33D /* Foundation.framework */,
				BED902F01989EFB7007CF33D /* CoreGraphics.framework */,
				BED902F21989EFB7007CF33D /* UIKit.framework */,
				BED903101989EFB7007CF33D /* XCTest.framework */,
			);
			name = Frameworks;
			sourceTree = "<group>";
		};
		BED902F41989EFB7007CF33D /* SFSInterlacedImageView */ = {
			isa = PBXGroup;
			children = (
				BED903301989F051007CF33D /* External */,
				BED903261989EFBC007CF33D /* ImageView */,
				BED902FD1989EFB7007CF33D /* SFSAppDelegate.h */,
				BED902FE1989EFB7007CF33D /* SFSAppDelegate.m */,
				BED903001989EFB7007CF33D /* Main_iPhone.storyboard */,
				BED903031989EFB7007CF33D /* Main_iPad.storyboard */,
				BED903061989EFB7007CF33D /* SFSViewController.h */,
				BED903071989EFB7007CF33D /* SFSViewController.m */,
				BED903091989EFB7007CF33D /* Images.xcassets */,
				BED902F51989EFB7007CF33D /* Supporting Files */,
			);
			path = SFSInterlacedImageView;
			sourceTree = "<group>";
		};
		BED902F51989EFB7007CF33D /* Supporting Files */ = {
			isa = PBXGroup;
			children = (
				BED902F61989EFB7007CF33D /* SFSInterlacedImageView-Info.plist */,
				BED902F71989EFB7007CF33D /* InfoPlist.strings */,
				BED902FA1989EFB7007CF33D /* main.m */,
				BED902FC1989EFB7007CF33D /* SFSInterlacedImageView-Prefix.pch */,
			);
			name = "Supporting Files";
			sourceTree = "<group>";
		};
		BED903161989EFB7007CF33D /* SFSInterlacedImageViewTests */ = {
			isa = PBXGroup;
			children = (
				BED9031C1989EFB7007CF33D /* SFSInterlacedImageViewTests.m */,
				BED903171989EFB7007CF33D /* Supporting Files */,
			);
			path = SFSInterlacedImageViewTests;
			sourceTree = "<group>";
		};
		BED903171989EFB7007CF33D /* Supporting Files */ = {
			isa = PBXGroup;
			children = (
				BED903181989EFB7007CF33D /* SFSInterlacedImageViewTests-Info.plist */,
				BED903191989EFB7007CF33D /* InfoPlist.strings */,
			);
			name = "Supporting Files";
			sourceTree = "<group>";
		};
		BED903261989EFBC007CF33D /* ImageView */ = {
			isa = PBXGroup;
			children = (
				BED903271989EFD3007CF33D /* SFSInterlacedImageView.h */,
				BED903281989EFD3007CF33D /* SFSInterlacedImageView.m */,
				BED903291989EFD3007CF33D /* SFSImageDataProvider.h */,
				BED9032A1989EFD3007CF33D /* SFSImageDataProvider.mm */,
				BED9032B1989EFD3007CF33D /* SFSImageInterlacer.h */,
				BED9032C1989EFD3007CF33D /* SFSImageInterlacer.m */,
			);
			name = ImageView;
			sourceTree = "<group>";
		};
		BED903301989F051007CF33D /* External */ = {
			isa = PBXGroup;
			children = (
				BED903331989F069007CF33D /* libpng */,
				BED903311989F05D007CF33D /* libpng.a */,
			);
			name = External;
			sourceTree = "<group>";
		};
		BED903331989F069007CF33D /* libpng */ = {
			isa = PBXGroup;
			children = (
				BED903341989F073007CF33D /* libpng-Prefix.pch */,
				BED903351989F073007CF33D /* libpng.h */,
				BED903361989F073007CF33D /* libpng.m */,
				BED903371989F073007CF33D /* LICENSE.libpng */,
				BED903381989F073007CF33D /* png.c */,
				BED903391989F073007CF33D /* png.h */,
				BED9033A1989F073007CF33D /* pngconf.h */,
				BED9033B1989F073007CF33D /* pngdebug.h */,
				BED9033C1989F073007CF33D /* pngerror.c */,
				BED9033D1989F073007CF33D /* pngget.c */,
				BED9033E1989F073007CF33D /* pnginfo.h */,
				BED9033F1989F073007CF33D /* pnglibconf.h */,
				BED903401989F073007CF33D /* pngmem.c */,
				BED903411989F073007CF33D /* pngpread.c */,
				BED903421989F073007CF33D /* pngpriv.h */,
				BED903431989F073007CF33D /* pngread.c */,
				BED903441989F073007CF33D /* pngrio.c */,
				BED903451989F073007CF33D /* pngrtran.c */,
				BED903461989F073007CF33D /* pngrutil.c */,
				BED903471989F073007CF33D /* pngset.c */,
				BED903481989F073007CF33D /* pngstruct.h */,
				BED903491989F073007CF33D /* pngtrans.c */,
				BED9034A1989F073007CF33D /* pngwio.c */,
				BED9034B1989F073007CF33D /* pngwrite.c */,
				BED9034C1989F073007CF33D /* pngwtran.c */,
				BED9034D1989F073007CF33D /* pngwutil.c */,
			);
			name = libpng;
			sourceTree = "<group>";
		};
/* End PBXGroup section */

/* Begin PBXNativeTarget section */
		BED902EA1989EFB7007CF33D /* SFSInterlacedImageView */ = {
			isa = PBXNativeTarget;
			buildConfigurationList = BED903201989EFB7007CF33D /* Build configuration list for PBXNativeTarget "SFSInterlacedImageView" */;
			buildPhases = (
				BED902E71989EFB7007CF33D /* Sources */,
				BED902E81989EFB7007CF33D /* Frameworks */,
				BED902E91989EFB7007CF33D /* Resources */,
			);
			buildRules = (
			);
			dependencies = (
			);
			name = SFSInterlacedImageView;
			productName = SFSInterlacedImageView;
			productReference = BED902EB1989EFB7007CF33D /* SFSInterlacedImageView.app */;
			productType = "com.apple.product-type.application";
		};
		BED9030E1989EFB7007CF33D /* SFSInterlacedImageViewTests */ = {
			isa = PBXNativeTarget;
			buildConfigurationList = BED903231989EFB7007CF33D /* Build configuration list for PBXNativeTarget "SFSInterlacedImageViewTests" */;
			buildPhases = (
				BED9030B1989EFB7007CF33D /* Sources */,
				BED9030C1989EFB7007CF33D /* Frameworks */,
				BED9030D1989EFB7007CF33D /* Resources */,
			);
			buildRules = (
			);
			dependencies = (
				BED903151989EFB7007CF33D /* PBXTargetDependency */,
			);
			name = SFSInterlacedImageViewTests;
			productName = SFSInterlacedImageViewTests;
			productReference = BED9030F1989EFB7007CF33D /* SFSInterlacedImageViewTests.xctest */;
			productType = "com.apple.product-type.bundle.unit-test";
		};
/* End PBXNativeTarget section */

/* Begin PBXProject section */
		BED902E31989EFB7007CF33D /* Project object */ = {
			isa = PBXProject;
			attributes = {
				CLASSPREFIX = SFS;
				LastUpgradeCheck = 0510;
				ORGANIZATIONNAME = "Space Factory Studios";
				TargetAttributes = {
					BED9030E1989EFB7007CF33D = {
						TestTargetID = BED902EA1989EFB7007CF33D;
					};
				};
			};
			buildConfigurationList = BED902E61989EFB7007CF33D /* Build configuration list for PBXProject "SFSInterlacedImageView" */;
			compatibilityVersion = "Xcode 3.2";
			developmentRegion = English;
			hasScannedForEncodings = 0;
			knownRegions = (
				en,
				Base,
			);
			mainGroup = BED902E21989EFB7007CF33D;
			productRefGroup = BED902EC1989EFB7007CF33D /* Products */;
			projectDirPath = "";
			projectRoot = "";
			targets = (
				BED902EA1989EFB7007CF33D /* SFSInterlacedImageView */,
				BED9030E1989EFB7007CF33D /* SFSInterlacedImageViewTests */,
			);
		};
/* End PBXProject section */

/* Begin PBXResourcesBuildPhase section */
		BED902E91989EFB7007CF33D /* Resources */ = {
			isa = PBXResourcesBuildPhase;
			buildActionMask = 2147483647;
			files = (
				BED903051989EFB7007CF33D /* Main_iPad.storyboard in Resources */,
				BED9034F1989F073007CF33D /* LICENSE.libpng in Resources */,
				BED9030A1989EFB7007CF33D /* Images.xcassets in Resources */,
				BED903021989EFB7007CF33D /* Main_iPhone.storyboard in Resources */,
				BED902F91989EFB7007CF33D /* InfoPlist.strings in Resources */,
			);
			runOnlyForDeploymentPostprocessing = 0;
		};
		BED9030D1989EFB7007CF33D /* Resources */ = {
			isa = PBXResourcesBuildPhase;
			buildActionMask = 2147483647;
			files = (
				BED9031B1989EFB7007CF33D /* InfoPlist.strings in Resources */,
			);
			runOnlyForDeploymentPostprocessing = 0;
		};
/* End PBXResourcesBuildPhase section */

/* Begin PBXSourcesBuildPhase section */
		BED902E71989EFB7007CF33D /* Sources */ = {
			isa = PBXSourcesBuildPhase;
			buildActionMask = 2147483647;
			files = (
				BED9035A1989F073007CF33D /* pngtrans.c in Sources */,
				BED903581989F073007CF33D /* pngrutil.c in Sources */,
				BED9032F1989EFD3007CF33D /* SFSImageInterlacer.m in Sources */,
				BED9035C1989F073007CF33D /* pngwrite.c in Sources */,
				BED903551989F073007CF33D /* pngread.c in Sources */,
				BED903561989F073007CF33D /* pngrio.c in Sources */,
				BED902FB1989EFB7007CF33D /* main.m in Sources */,
				BED9035E1989F073007CF33D /* pngwutil.c in Sources */,
				BED9032D1989EFD3007CF33D /* SFSInterlacedImageView.m in Sources */,
				BED903511989F073007CF33D /* pngerror.c in Sources */,
				BED903541989F073007CF33D /* pngpread.c in Sources */,
				BED903521989F073007CF33D /* pngget.c in Sources */,
				BED903501989F073007CF33D /* png.c in Sources */,
				BED9034E1989F073007CF33D /* libpng.m in Sources */,
				BED903531989F073007CF33D /* pngmem.c in Sources */,
				BED9035B1989F073007CF33D /* pngwio.c in Sources */,
				BED9032E1989EFD3007CF33D /* SFSImageDataProvider.mm in Sources */,
				BED9035D1989F073007CF33D /* pngwtran.c in Sources */,
				BED902FF1989EFB7007CF33D /* SFSAppDelegate.m in Sources */,
				BED903571989F073007CF33D /* pngrtran.c in Sources */,
				BED903591989F073007CF33D /* pngset.c in Sources */,
				BED903081989EFB7007CF33D /* SFSViewController.m in Sources */,
			);
			runOnlyForDeploymentPostprocessing = 0;
		};
		BED9030B1989EFB7007CF33D /* Sources */ = {
			isa = PBXSourcesBuildPhase;
			buildActionMask = 2147483647;
			files = (
				BED9031D1989EFB7007CF33D /* SFSInterlacedImageViewTests.m in Sources */,
			);
			runOnlyForDeploymentPostprocessing = 0;
		};
/* End PBXSourcesBuildPhase section */

/* Begin PBXTargetDependency section */
		BED903151989EFB7007CF33D /* PBXTargetDependency */ = {
			isa = PBXTargetDependency;
			target = BED902EA1989EFB7007CF33D /* SFSInterlacedImageView */;
			targetProxy = BED903141989EFB7007CF33D /* PBXContainerItemProxy */;
		};
/* End PBXTargetDependency section */

/* Begin PBXVariantGroup section */
		BED902F71989EFB7007CF33D /* InfoPlist.strings */ = {
			isa = PBXVariantGroup;
			children = (
				BED902F81989EFB7007CF33D /* en */,
			);
			name = InfoPlist.strings;
			sourceTree = "<group>";
		};
		BED903001989EFB7007CF33D /* Main_iPhone.storyboard */ = {
			isa = PBXVariantGroup;
			children = (
				BED903011989EFB7007CF33D /* Base */,
			);
			name = Main_iPhone.storyboard;
			sourceTree = "<group>";
		};
		BED903031989EFB7007CF33D /* Main_iPad.storyboard */ = {
			isa = PBXVariantGroup;
			children = (
				BED903041989EFB7007CF33D /* Base */,
			);
			name = Main_iPad.storyboard;
			sourceTree = "<group>";
		};
		BED903191989EFB7007CF33D /* InfoPlist.strings */ = {
			isa = PBXVariantGroup;
			children = (
				BED9031A1989EFB7007CF33D /* en */,
			);
			name = InfoPlist.strings;
			sourceTree = "<group>";
		};
/* End PBXVariantGroup section */

/* Begin XCBuildConfiguration section */
		BED9031E1989EFB7007CF33D /* Debug */ = {
			isa = XCBuildConfiguration;
			buildSettings = {
				ALWAYS_SEARCH_USER_PATHS = NO;
				CLANG_CXX_LANGUAGE_STANDARD = "gnu++0x";
				CLANG_CXX_LIBRARY = "libc++";
				CLANG_ENABLE_MODULES = YES;
				CLANG_ENABLE_OBJC_ARC = YES;
				CLANG_WARN_BOOL_CONVERSION = YES;
				CLANG_WARN_CONSTANT_CONVERSION = YES;
				CLANG_WARN_DIRECT_OBJC_ISA_USAGE = YES_ERROR;
				CLANG_WARN_EMPTY_BODY = YES;
				CLANG_WARN_ENUM_CONVERSION = YES;
				CLANG_WARN_INT_CONVERSION = YES;
				CLANG_WARN_OBJC_ROOT_CLASS = YES_ERROR;
				CLANG_WARN__DUPLICATE_METHOD_MATCH = YES;
				"CODE_SIGN_IDENTITY[sdk=iphoneos*]" = "iPhone Developer";
				COPY_PHASE_STRIP = NO;
				GCC_C_LANGUAGE_STANDARD = gnu99;
				GCC_DYNAMIC_NO_PIC = NO;
				GCC_OPTIMIZATION_LEVEL = 0;
				GCC_PREPROCESSOR_DEFINITIONS = (
					"DEBUG=1",
					"$(inherited)",
				);
				GCC_SYMBOLS_PRIVATE_EXTERN = NO;
				GCC_WARN_64_TO_32_BIT_CONVERSION = YES;
				GCC_WARN_ABOUT_RETURN_TYPE = YES_ERROR;
				GCC_WARN_UNDECLARED_SELECTOR = YES;
				GCC_WARN_UNINITIALIZED_AUTOS = YES_AGGRESSIVE;
				GCC_WARN_UNUSED_FUNCTION = YES;
				GCC_WARN_UNUSED_VARIABLE = YES;
				IPHONEOS_DEPLOYMENT_TARGET = 7.1;
				ONLY_ACTIVE_ARCH = YES;
				SDKROOT = iphoneos;
				TARGETED_DEVICE_FAMILY = "1,2";
			};
			name = Debug;
		};
		BED9031F1989EFB7007CF33D /* Release */ = {
			isa = XCBuildConfiguration;
			buildSettings = {
				ALWAYS_SEARCH_USER_PATHS = NO;
				CLANG_CXX_LANGUAGE_STANDARD = "gnu++0x";
				CLANG_CXX_LIBRARY = "libc++";
				CLANG_ENABLE_MODULES = YES;
				CLANG_ENABLE_OBJC_ARC = YES;
				CLANG_WARN_BOOL_CONVERSION = YES;
				CLANG_WARN_CONSTANT_CONVERSION = YES;
				CLANG_WARN_DIRECT_OBJC_ISA_USAGE = YES_ERROR;
				CLANG_WARN_EMPTY_BODY = YES;
				CLANG_WARN_ENUM_CONVERSION = YES;
				CLANG_WARN_INT_CONVERSION = YES;
				CLANG_WARN_OBJC_ROOT_CLASS = YES_ERROR;
				CLANG_WARN__DUPLICATE_METHOD_MATCH = YES;
				"CODE_SIGN_IDENTITY[sdk=iphoneos*]" = "iPhone Developer";
				COPY_PHASE_STRIP = YES;
				ENABLE_NS_ASSERTIONS = NO;
				GCC_C_LANGUAGE_STANDARD = gnu99;
				GCC_WARN_64_TO_32_BIT_CONVERSION = YES;
				GCC_WARN_ABOUT_RETURN_TYPE = YES_ERROR;
				GCC_WARN_UNDECLARED_SELECTOR = YES;
				GCC_WARN_UNINITIALIZED_AUTOS = YES_AGGRESSIVE;
				GCC_WARN_UNUSED_FUNCTION = YES;
				GCC_WARN_UNUSED_VARIABLE = YES;
				IPHONEOS_DEPLOYMENT_TARGET = 7.1;
				SDKROOT = iphoneos;
				TARGETED_DEVICE_FAMILY = "1,2";
				VALIDATE_PRODUCT = YES;
			};
			name = Release;
		};
		BED903211989EFB7007CF33D /* Debug */ = {
			isa = XCBuildConfiguration;
			buildSettings = {
				ASSETCATALOG_COMPILER_APPICON_NAME = AppIcon;
				ASSETCATALOG_COMPILER_LAUNCHIMAGE_NAME = LaunchImage;
				GCC_PRECOMPILE_PREFIX_HEADER = YES;
				GCC_PREFIX_HEADER = "SFSInterlacedImageView/SFSInterlacedImageView-Prefix.pch";
				INFOPLIST_FILE = "SFSInterlacedImageView/SFSInterlacedImageView-Info.plist";
				LIBRARY_SEARCH_PATHS = (
					"$(inherited)",
					"$(PROJECT_DIR)/SFSInterlacedImageView",
				);
				PRODUCT_NAME = "$(TARGET_NAME)";
				WRAPPER_EXTENSION = app;
			};
			name = Debug;
		};
		BED903221989EFB7007CF33D /* Release */ = {
			isa = XCBuildConfiguration;
			buildSettings = {
				ASSETCATALOG_COMPILER_APPICON_NAME = AppIcon;
				ASSETCATALOG_COMPILER_LAUNCHIMAGE_NAME = LaunchImage;
				GCC_PRECOMPILE_PREFIX_HEADER = YES;
				GCC_PREFIX_HEADER = "SFSInterlacedImageView/SFSInterlacedImageView-Prefix.pch";
				INFOPLIST_FILE = "SFSInterlacedImageView/SFSInterlacedImageView-Info.plist";
				LIBRARY_SEARCH_PATHS = (
					"$(inherited)",
					"$(PROJECT_DIR)/SFSInterlacedImageView",
				);
				PRODUCT_NAME = "$(TARGET_NAME)";
				WRAPPER_EXTENSION = app;
			};
			name = Release;
		};
		BED903241989EFB7007CF33D /* Debug */ = {
			isa = XCBuildConfiguration;
			buildSettings = {
				BUNDLE_LOADER = "$(BUILT_PRODUCTS_DIR)/SFSInterlacedImageView.app/SFSInterlacedImageView";
				FRAMEWORK_SEARCH_PATHS = (
					"$(SDKROOT)/Developer/Library/Frameworks",
					"$(inherited)",
					"$(DEVELOPER_FRAMEWORKS_DIR)",
				);
				GCC_PRECOMPILE_PREFIX_HEADER = YES;
				GCC_PREFIX_HEADER = "SFSInterlacedImageView/SFSInterlacedImageView-Prefix.pch";
				GCC_PREPROCESSOR_DEFINITIONS = (
					"DEBUG=1",
					"$(inherited)",
				);
				INFOPLIST_FILE = "SFSInterlacedImageViewTests/SFSInterlacedImageViewTests-Info.plist";
				PRODUCT_NAME = "$(TARGET_NAME)";
				TEST_HOST = "$(BUNDLE_LOADER)";
				WRAPPER_EXTENSION = xctest;
			};
			name = Debug;
		};
		BED903251989EFB7007CF33D /* Release */ = {
			isa = XCBuildConfiguration;
			buildSettings = {
				BUNDLE_LOADER = "$(BUILT_PRODUCTS_DIR)/SFSInterlacedImageView.app/SFSInterlacedImageView";
				FRAMEWORK_SEARCH_PATHS = (
					"$(SDKROOT)/Developer/Library/Frameworks",
					"$(inherited)",
					"$(DEVELOPER_FRAMEWORKS_DIR)",
				);
				GCC_PRECOMPILE_PREFIX_HEADER = YES;
				GCC_PREFIX_HEADER = "SFSInterlacedImageView/SFSInterlacedImageView-Prefix.pch";
				INFOPLIST_FILE = "SFSInterlacedImageViewTests/SFSInterlacedImageViewTests-Info.plist";
				PRODUCT_NAME = "$(TARGET_NAME)";
				TEST_HOST = "$(BUNDLE_LOADER)";
				WRAPPER_EXTENSION = xctest;
			};
			name = Release;
		};
/* End XCBuildConfiguration section */

/* Begin XCConfigurationList section */
		BED902E61989EFB7007CF33D /* Build configuration list for PBXProject "SFSInterlacedImageView" */ = {
			isa = XCConfigurationList;
			buildConfigurations = (
				BED9031E1989EFB7007CF33D /* Debug */,
				BED9031F1989EFB7007CF33D /* Release */,
			);
			defaultConfigurationIsVisible = 0;
			defaultConfigurationName = Release;
		};
		BED903201989EFB7007CF33D /* Build configuration list for PBXNativeTarget "SFSInterlacedImageView" */ = {
			isa = XCConfigurationList;
			buildConfigurations = (
				BED903211989EFB7007CF33D /* Debug */,
				BED903221989EFB7007CF33D /* Release */,
			);
			defaultConfigurationIsVisible = 0;
		};
		BED903231989EFB7007CF33D /* Build configuration list for PBXNativeTarget "SFSInterlacedImageViewTests" */ = {
			isa = XCConfigurationList;
			buildConfigurations = (
				BED903241989EFB7007CF33D /* Debug */,
				BED903251989EFB7007CF33D /* Release */,
			);
			defaultConfigurationIsVisible = 0;
		};
/* End XCConfigurationList section */
	};
	rootObject = BED902E31989EFB7007CF33D /* Project object */;
}
