// !$*UTF8*$!
{
	archiveVersion = 1;
	classes = {
	};
	objectVersion = 46;
	objects = {

/* Begin PBXBuildFile section */
		BE527D8F181A1AA5005145FF /* libz.dylib in Frameworks */ = {isa = PBXBuildFile; fileRef = BE527D8E181A1AA5005145FF /* libz.dylib */; };
		BE7541A61814724C00F952FA /* Foundation.framework in Frameworks */ = {isa = PBXBuildFile; fileRef = BE7541A51814724C00F952FA /* Foundation.framework */; };
		BE7541A81814724C00F952FA /* CoreGraphics.framework in Frameworks */ = {isa = PBXBuildFile; fileRef = BE7541A71814724C00F952FA /* CoreGraphics.framework */; };
		BE7541AA1814724C00F952FA /* UIKit.framework in Frameworks */ = {isa = PBXBuildFile; fileRef = BE7541A91814724C00F952FA /* UIKit.framework */; };
		BE7541B01814724C00F952FA /* InfoPlist.strings in Resources */ = {isa = PBXBuildFile; fileRef = BE7541AE1814724C00F952FA /* InfoPlist.strings */; };
		BE7541B21814724C00F952FA /* main.m in Sources */ = {isa = PBXBuildFile; fileRef = BE7541B11814724C00F952FA /* main.m */; };
		BE7541B61814724C00F952FA /* SFSAppDelegate.m in Sources */ = {isa = PBXBuildFile; fileRef = BE7541B51814724C00F952FA /* SFSAppDelegate.m */; };
		BE7541B91814724C00F952FA /* Main_iPhone.storyboard in Resources */ = {isa = PBXBuildFile; fileRef = BE7541B71814724C00F952FA /* Main_iPhone.storyboard */; };
		BE7541BC1814724C00F952FA /* Main_iPad.storyboard in Resources */ = {isa = PBXBuildFile; fileRef = BE7541BA1814724C00F952FA /* Main_iPad.storyboard */; };
		BE7541BF1814724C00F952FA /* SFSViewController.m in Sources */ = {isa = PBXBuildFile; fileRef = BE7541BE1814724C00F952FA /* SFSViewController.m */; };
		BE7541C11814724C00F952FA /* Images.xcassets in Resources */ = {isa = PBXBuildFile; fileRef = BE7541C01814724C00F952FA /* Images.xcassets */; };
		BE7541C81814724C00F952FA /* XCTest.framework in Frameworks */ = {isa = PBXBuildFile; fileRef = BE7541C71814724C00F952FA /* XCTest.framework */; };
		BE7541C91814724C00F952FA /* Foundation.framework in Frameworks */ = {isa = PBXBuildFile; fileRef = BE7541A51814724C00F952FA /* Foundation.framework */; };
		BE7541CA1814724C00F952FA /* UIKit.framework in Frameworks */ = {isa = PBXBuildFile; fileRef = BE7541A91814724C00F952FA /* UIKit.framework */; };
		BE7541E01814726F00F952FA /* SFSInterlacedImageView.m in Sources */ = {isa = PBXBuildFile; fileRef = BE7541DF1814726F00F952FA /* SFSInterlacedImageView.m */; };
		BE7541E3181472AD00F952FA /* SFSImageInterlacer.m in Sources */ = {isa = PBXBuildFile; fileRef = BE7541E2181472AD00F952FA /* SFSImageInterlacer.m */; };
		BE7541E6181472CF00F952FA /* SFSImageDataProvider.mm in Sources */ = {isa = PBXBuildFile; fileRef = BE7541E5181472CF00F952FA /* SFSImageDataProvider.mm */; };
		D257D5751826EF2F0076B2C9 /* libpng.m in Sources */ = {isa = PBXBuildFile; fileRef = D257D55C1826EF2F0076B2C9 /* libpng.m */; };
		D257D5761826EF2F0076B2C9 /* LICENSE.libpng in Resources */ = {isa = PBXBuildFile; fileRef = D257D55D1826EF2F0076B2C9 /* LICENSE.libpng */; };
		D257D5771826EF2F0076B2C9 /* png.c in Sources */ = {isa = PBXBuildFile; fileRef = D257D55E1826EF2F0076B2C9 /* png.c */; };
		D257D5781826EF2F0076B2C9 /* pngerror.c in Sources */ = {isa = PBXBuildFile; fileRef = D257D5621826EF2F0076B2C9 /* pngerror.c */; };
		D257D5791826EF2F0076B2C9 /* pngget.c in Sources */ = {isa = PBXBuildFile; fileRef = D257D5631826EF2F0076B2C9 /* pngget.c */; };
		D257D57A1826EF2F0076B2C9 /* pngmem.c in Sources */ = {isa = PBXBuildFile; fileRef = D257D5661826EF2F0076B2C9 /* pngmem.c */; };
		D257D57B1826EF2F0076B2C9 /* pngpread.c in Sources */ = {isa = PBXBuildFile; fileRef = D257D5671826EF2F0076B2C9 /* pngpread.c */; };
		D257D57C1826EF2F0076B2C9 /* pngread.c in Sources */ = {isa = PBXBuildFile; fileRef = D257D5691826EF2F0076B2C9 /* pngread.c */; };
		D257D57D1826EF2F0076B2C9 /* pngrio.c in Sources */ = {isa = PBXBuildFile; fileRef = D257D56A1826EF2F0076B2C9 /* pngrio.c */; };
		D257D57E1826EF2F0076B2C9 /* pngrtran.c in Sources */ = {isa = PBXBuildFile; fileRef = D257D56B1826EF2F0076B2C9 /* pngrtran.c */; };
		D257D57F1826EF2F0076B2C9 /* pngrutil.c in Sources */ = {isa = PBXBuildFile; fileRef = D257D56C1826EF2F0076B2C9 /* pngrutil.c */; };
		D257D5801826EF2F0076B2C9 /* pngset.c in Sources */ = {isa = PBXBuildFile; fileRef = D257D56D1826EF2F0076B2C9 /* pngset.c */; };
		D257D5811826EF2F0076B2C9 /* pngtrans.c in Sources */ = {isa = PBXBuildFile; fileRef = D257D56F1826EF2F0076B2C9 /* pngtrans.c */; };
		D257D5821826EF2F0076B2C9 /* pngwio.c in Sources */ = {isa = PBXBuildFile; fileRef = D257D5701826EF2F0076B2C9 /* pngwio.c */; };
		D257D5831826EF2F0076B2C9 /* pngwrite.c in Sources */ = {isa = PBXBuildFile; fileRef = D257D5711826EF2F0076B2C9 /* pngwrite.c */; };
		D257D5841826EF2F0076B2C9 /* pngwtran.c in Sources */ = {isa = PBXBuildFile; fileRef = D257D5721826EF2F0076B2C9 /* pngwtran.c */; };
		D257D5851826EF2F0076B2C9 /* pngwutil.c in Sources */ = {isa = PBXBuildFile; fileRef = D257D5731826EF2F0076B2C9 /* pngwutil.c */; };
		D257D5861826EF2F0076B2C9 /* libpng.a in Frameworks */ = {isa = PBXBuildFile; fileRef = D257D5741826EF2F0076B2C9 /* libpng.a */; };
/* End PBXBuildFile section */

/* Begin PBXContainerItemProxy section */
		BE7541CB1814724C00F952FA /* PBXContainerItemProxy */ = {
			isa = PBXContainerItemProxy;
			containerPortal = BE75419A1814724C00F952FA /* Project object */;
			proxyType = 1;
			remoteGlobalIDString = BE7541A11814724C00F952FA;
			remoteInfo = SFSInterlacedImageView;
		};
/* End PBXContainerItemProxy section */

/* Begin PBXFileReference section */
		BE527D8E181A1AA5005145FF /* libz.dylib */ = {isa = PBXFileReference; lastKnownFileType = "compiled.mach-o.dylib"; name = libz.dylib; path = usr/lib/libz.dylib; sourceTree = SDKROOT; };
		BE7541A21814724C00F952FA /* SFSInterlacedImageView.app */ = {isa = PBXFileReference; explicitFileType = wrapper.application; includeInIndex = 0; path = SFSInterlacedImageView.app; sourceTree = BUILT_PRODUCTS_DIR; };
		BE7541A51814724C00F952FA /* Foundation.framework */ = {isa = PBXFileReference; lastKnownFileType = wrapper.framework; name = Foundation.framework; path = System/Library/Frameworks/Foundation.framework; sourceTree = SDKROOT; };
		BE7541A71814724C00F952FA /* CoreGraphics.framework */ = {isa = PBXFileReference; lastKnownFileType = wrapper.framework; name = CoreGraphics.framework; path = System/Library/Frameworks/CoreGraphics.framework; sourceTree = SDKROOT; };
		BE7541A91814724C00F952FA /* UIKit.framework */ = {isa = PBXFileReference; lastKnownFileType = wrapper.framework; name = UIKit.framework; path = System/Library/Frameworks/UIKit.framework; sourceTree = SDKROOT; };
		BE7541AD1814724C00F952FA /* SFSInterlacedImageView-Info.plist */ = {isa = PBXFileReference; lastKnownFileType = text.plist.xml; path = "SFSInterlacedImageView-Info.plist"; sourceTree = "<group>"; };
		BE7541AF1814724C00F952FA /* en */ = {isa = PBXFileReference; lastKnownFileType = text.plist.strings; name = en; path = en.lproj/InfoPlist.strings; sourceTree = "<group>"; };
		BE7541B11814724C00F952FA /* main.m */ = {isa = PBXFileReference; lastKnownFileType = sourcecode.c.objc; path = main.m; sourceTree = "<group>"; };
		BE7541B31814724C00F952FA /* SFSInterlacedImageView-Prefix.pch */ = {isa = PBXFileReference; lastKnownFileType = sourcecode.c.h; path = "SFSInterlacedImageView-Prefix.pch"; sourceTree = "<group>"; };
		BE7541B41814724C00F952FA /* SFSAppDelegate.h */ = {isa = PBXFileReference; lastKnownFileType = sourcecode.c.h; path = SFSAppDelegate.h; sourceTree = "<group>"; };
		BE7541B51814724C00F952FA /* SFSAppDelegate.m */ = {isa = PBXFileReference; lastKnownFileType = sourcecode.c.objc; path = SFSAppDelegate.m; sourceTree = "<group>"; };
		BE7541B81814724C00F952FA /* Base */ = {isa = PBXFileReference; lastKnownFileType = file.storyboard; name = Base; path = Base.lproj/Main_iPhone.storyboard; sourceTree = "<group>"; };
		BE7541BB1814724C00F952FA /* Base */ = {isa = PBXFileReference; lastKnownFileType = file.storyboard; name = Base; path = Base.lproj/Main_iPad.storyboard; sourceTree = "<group>"; };
		BE7541BD1814724C00F952FA /* SFSViewController.h */ = {isa = PBXFileReference; lastKnownFileType = sourcecode.c.h; path = SFSViewController.h; sourceTree = "<group>"; };
		BE7541BE1814724C00F952FA /* SFSViewController.m */ = {isa = PBXFileReference; lastKnownFileType = sourcecode.c.objc; path = SFSViewController.m; sourceTree = "<group>"; };
		BE7541C01814724C00F952FA /* Images.xcassets */ = {isa = PBXFileReference; lastKnownFileType = folder.assetcatalog; path = Images.xcassets; sourceTree = "<group>"; };
		BE7541C61814724C00F952FA /* SFSInterlacedImageViewTests.xctest */ = {isa = PBXFileReference; explicitFileType = wrapper.cfbundle; includeInIndex = 0; path = SFSInterlacedImageViewTests.xctest; sourceTree = BUILT_PRODUCTS_DIR; };
		BE7541C71814724C00F952FA /* XCTest.framework */ = {isa = PBXFileReference; lastKnownFileType = wrapper.framework; name = XCTest.framework; path = Library/Frameworks/XCTest.framework; sourceTree = DEVELOPER_DIR; };
		BE7541DE1814726F00F952FA /* SFSInterlacedImageView.h */ = {isa = PBXFileReference; fileEncoding = 4; lastKnownFileType = sourcecode.c.h; path = SFSInterlacedImageView.h; sourceTree = "<group>"; };
		BE7541DF1814726F00F952FA /* SFSInterlacedImageView.m */ = {isa = PBXFileReference; fileEncoding = 4; lastKnownFileType = sourcecode.c.objc; path = SFSInterlacedImageView.m; sourceTree = "<group>"; };
		BE7541E1181472AD00F952FA /* SFSImageInterlacer.h */ = {isa = PBXFileReference; fileEncoding = 4; lastKnownFileType = sourcecode.c.h; path = SFSImageInterlacer.h; sourceTree = "<group>"; };
		BE7541E2181472AD00F952FA /* SFSImageInterlacer.m */ = {isa = PBXFileReference; fileEncoding = 4; lastKnownFileType = sourcecode.c.objc; path = SFSImageInterlacer.m; sourceTree = "<group>"; };
		BE7541E4181472CF00F952FA /* SFSImageDataProvider.h */ = {isa = PBXFileReference; explicitFileType = sourcecode.cpp.objcpp; fileEncoding = 4; path = SFSImageDataProvider.h; sourceTree = "<group>"; };
		BE7541E5181472CF00F952FA /* SFSImageDataProvider.mm */ = {isa = PBXFileReference; fileEncoding = 4; lastKnownFileType = sourcecode.cpp.objcpp; path = SFSImageDataProvider.mm; sourceTree = "<group>"; };
		D257D55A1826EF2F0076B2C9 /* libpng-Prefix.pch */ = {isa = PBXFileReference; fileEncoding = 4; lastKnownFileType = sourcecode.c.h; path = "libpng-Prefix.pch"; sourceTree = "<group>"; };
		D257D55B1826EF2F0076B2C9 /* libpng.h */ = {isa = PBXFileReference; fileEncoding = 4; lastKnownFileType = sourcecode.c.h; path = libpng.h; sourceTree = "<group>"; };
		D257D55C1826EF2F0076B2C9 /* libpng.m */ = {isa = PBXFileReference; fileEncoding = 4; lastKnownFileType = sourcecode.c.objc; path = libpng.m; sourceTree = "<group>"; };
		D257D55D1826EF2F0076B2C9 /* LICENSE.libpng */ = {isa = PBXFileReference; fileEncoding = 4; lastKnownFileType = text; path = LICENSE.libpng; sourceTree = "<group>"; };
		D257D55E1826EF2F0076B2C9 /* png.c */ = {isa = PBXFileReference; fileEncoding = 4; lastKnownFileType = sourcecode.c.c; path = png.c; sourceTree = "<group>"; };
		D257D55F1826EF2F0076B2C9 /* png.h */ = {isa = PBXFileReference; fileEncoding = 4; lastKnownFileType = sourcecode.c.h; path = png.h; sourceTree = "<group>"; };
		D257D5601826EF2F0076B2C9 /* pngconf.h */ = {isa = PBXFileReference; fileEncoding = 4; lastKnownFileType = sourcecode.c.h; path = pngconf.h; sourceTree = "<group>"; };
		D257D5611826EF2F0076B2C9 /* pngdebug.h */ = {isa = PBXFileReference; fileEncoding = 4; lastKnownFileType = sourcecode.c.h; path = pngdebug.h; sourceTree = "<group>"; };
		D257D5621826EF2F0076B2C9 /* pngerror.c */ = {isa = PBXFileReference; fileEncoding = 4; lastKnownFileType = sourcecode.c.c; path = pngerror.c; sourceTree = "<group>"; };
		D257D5631826EF2F0076B2C9 /* pngget.c */ = {isa = PBXFileReference; fileEncoding = 4; lastKnownFileType = sourcecode.c.c; path = pngget.c; sourceTree = "<group>"; };
		D257D5641826EF2F0076B2C9 /* pnginfo.h */ = {isa = PBXFileReference; fileEncoding = 4; lastKnownFileType = sourcecode.c.h; path = pnginfo.h; sourceTree = "<group>"; };
		D257D5651826EF2F0076B2C9 /* pnglibconf.h */ = {isa = PBXFileReference; fileEncoding = 4; lastKnownFileType = sourcecode.c.h; path = pnglibconf.h; sourceTree = "<group>"; };
		D257D5661826EF2F0076B2C9 /* pngmem.c */ = {isa = PBXFileReference; fileEncoding = 4; lastKnownFileType = sourcecode.c.c; path = pngmem.c; sourceTree = "<group>"; };
		D257D5671826EF2F0076B2C9 /* pngpread.c */ = {isa = PBXFileReference; fileEncoding = 4; lastKnownFileType = sourcecode.c.c; path = pngpread.c; sourceTree = "<group>"; };
		D257D5681826EF2F0076B2C9 /* pngpriv.h */ = {isa = PBXFileReference; fileEncoding = 4; lastKnownFileType = sourcecode.c.h; path = pngpriv.h; sourceTree = "<group>"; };
		D257D5691826EF2F0076B2C9 /* pngread.c */ = {isa = PBXFileReference; fileEncoding = 4; lastKnownFileType = sourcecode.c.c; path = pngread.c; sourceTree = "<group>"; };
		D257D56A1826EF2F0076B2C9 /* pngrio.c */ = {isa = PBXFileReference; fileEncoding = 4; lastKnownFileType = sourcecode.c.c; path = pngrio.c; sourceTree = "<group>"; };
		D257D56B1826EF2F0076B2C9 /* pngrtran.c */ = {isa = PBXFileReference; fileEncoding = 4; lastKnownFileType = sourcecode.c.c; path = pngrtran.c; sourceTree = "<group>"; };
		D257D56C1826EF2F0076B2C9 /* pngrutil.c */ = {isa = PBXFileReference; fileEncoding = 4; lastKnownFileType = sourcecode.c.c; path = pngrutil.c; sourceTree = "<group>"; };
		D257D56D1826EF2F0076B2C9 /* pngset.c */ = {isa = PBXFileReference; fileEncoding = 4; lastKnownFileType = sourcecode.c.c; path = pngset.c; sourceTree = "<group>"; };
		D257D56E1826EF2F0076B2C9 /* pngstruct.h */ = {isa = PBXFileReference; fileEncoding = 4; lastKnownFileType = sourcecode.c.h; path = pngstruct.h; sourceTree = "<group>"; };
		D257D56F1826EF2F0076B2C9 /* pngtrans.c */ = {isa = PBXFileReference; fileEncoding = 4; lastKnownFileType = sourcecode.c.c; path = pngtrans.c; sourceTree = "<group>"; };
		D257D5701826EF2F0076B2C9 /* pngwio.c */ = {isa = PBXFileReference; fileEncoding = 4; lastKnownFileType = sourcecode.c.c; path = pngwio.c; sourceTree = "<group>"; };
		D257D5711826EF2F0076B2C9 /* pngwrite.c */ = {isa = PBXFileReference; fileEncoding = 4; lastKnownFileType = sourcecode.c.c; path = pngwrite.c; sourceTree = "<group>"; };
		D257D5721826EF2F0076B2C9 /* pngwtran.c */ = {isa = PBXFileReference; fileEncoding = 4; lastKnownFileType = sourcecode.c.c; path = pngwtran.c; sourceTree = "<group>"; };
		D257D5731826EF2F0076B2C9 /* pngwutil.c */ = {isa = PBXFileReference; fileEncoding = 4; lastKnownFileType = sourcecode.c.c; path = pngwutil.c; sourceTree = "<group>"; };
		D257D5741826EF2F0076B2C9 /* libpng.a */ = {isa = PBXFileReference; lastKnownFileType = archive.ar; path = libpng.a; sourceTree = "<group>"; };
/* End PBXFileReference section */

/* Begin PBXFrameworksBuildPhase section */
		BE75419F1814724C00F952FA /* Frameworks */ = {
			isa = PBXFrameworksBuildPhase;
			buildActionMask = 2147483647;
			files = (
				D257D5861826EF2F0076B2C9 /* libpng.a in Frameworks */,
				BE527D8F181A1AA5005145FF /* libz.dylib in Frameworks */,
				BE7541A81814724C00F952FA /* CoreGraphics.framework in Frameworks */,
				BE7541AA1814724C00F952FA /* UIKit.framework in Frameworks */,
				BE7541A61814724C00F952FA /* Foundation.framework in Frameworks */,
			);
			runOnlyForDeploymentPostprocessing = 0;
		};
		BE7541C31814724C00F952FA /* Frameworks */ = {
			isa = PBXFrameworksBuildPhase;
			buildActionMask = 2147483647;
			files = (
				BE7541C81814724C00F952FA /* XCTest.framework in Frameworks */,
				BE7541CA1814724C00F952FA /* UIKit.framework in Frameworks */,
				BE7541C91814724C00F952FA /* Foundation.framework in Frameworks */,
			);
			runOnlyForDeploymentPostprocessing = 0;
		};
/* End PBXFrameworksBuildPhase section */

/* Begin PBXGroup section */
		BE7541991814724C00F952FA = {
			isa = PBXGroup;
			children = (
				D257D5581826EF2F0076B2C9 /* External */,
				BE7541AB1814724C00F952FA /* SFSInterlacedImageView */,
				BE7541A41814724C00F952FA /* Frameworks */,
				BE7541A31814724C00F952FA /* Products */,
			);
			sourceTree = "<group>";
		};
		BE7541A31814724C00F952FA /* Products */ = {
			isa = PBXGroup;
			children = (
				BE7541A21814724C00F952FA /* SFSInterlacedImageView.app */,
				BE7541C61814724C00F952FA /* SFSInterlacedImageViewTests.xctest */,
			);
			name = Products;
			sourceTree = "<group>";
		};
		BE7541A41814724C00F952FA /* Frameworks */ = {
			isa = PBXGroup;
			children = (
				BE527D8E181A1AA5005145FF /* libz.dylib */,
				BE7541A51814724C00F952FA /* Foundation.framework */,
				BE7541A71814724C00F952FA /* CoreGraphics.framework */,
				BE7541A91814724C00F952FA /* UIKit.framework */,
				BE7541C71814724C00F952FA /* XCTest.framework */,
			);
			name = Frameworks;
			sourceTree = "<group>";
		};
		BE7541AB1814724C00F952FA /* SFSInterlacedImageView */ = {
			isa = PBXGroup;
			children = (
				BE7541DD1814725A00F952FA /* ImageView */,
				BE7541B41814724C00F952FA /* SFSAppDelegate.h */,
				BE7541B51814724C00F952FA /* SFSAppDelegate.m */,
				BE7541B71814724C00F952FA /* Main_iPhone.storyboard */,
				BE7541BA1814724C00F952FA /* Main_iPad.storyboard */,
				BE7541BD1814724C00F952FA /* SFSViewController.h */,
				BE7541BE1814724C00F952FA /* SFSViewController.m */,
				BE7541C01814724C00F952FA /* Images.xcassets */,
				BE7541AC1814724C00F952FA /* Supporting Files */,
			);
			path = SFSInterlacedImageView;
			sourceTree = "<group>";
		};
		BE7541AC1814724C00F952FA /* Supporting Files */ = {
			isa = PBXGroup;
			children = (
				BE7541AD1814724C00F952FA /* SFSInterlacedImageView-Info.plist */,
				BE7541AE1814724C00F952FA /* InfoPlist.strings */,
				BE7541B11814724C00F952FA /* main.m */,
				BE7541B31814724C00F952FA /* SFSInterlacedImageView-Prefix.pch */,
			);
			name = "Supporting Files";
			sourceTree = "<group>";
		};
		BE7541DD1814725A00F952FA /* ImageView */ = {
			isa = PBXGroup;
			children = (
				BE7541DE1814726F00F952FA /* SFSInterlacedImageView.h */,
				BE7541DF1814726F00F952FA /* SFSInterlacedImageView.m */,
				BE7541E4181472CF00F952FA /* SFSImageDataProvider.h */,
				BE7541E5181472CF00F952FA /* SFSImageDataProvider.mm */,
				BE7541E1181472AD00F952FA /* SFSImageInterlacer.h */,
				BE7541E2181472AD00F952FA /* SFSImageInterlacer.m */,
			);
			name = ImageView;
			sourceTree = "<group>";
		};
		D257D5581826EF2F0076B2C9 /* External */ = {
			isa = PBXGroup;
			children = (
				D257D5591826EF2F0076B2C9 /* libpng */,
				D257D5741826EF2F0076B2C9 /* libpng.a */,
			);
			path = External;
			sourceTree = "<group>";
		};
		D257D5591826EF2F0076B2C9 /* libpng */ = {
			isa = PBXGroup;
			children = (
				D257D55A1826EF2F0076B2C9 /* libpng-Prefix.pch */,
				D257D55B1826EF2F0076B2C9 /* libpng.h */,
				D257D55C1826EF2F0076B2C9 /* libpng.m */,
				D257D55D1826EF2F0076B2C9 /* LICENSE.libpng */,
				D257D55E1826EF2F0076B2C9 /* png.c */,
				D257D55F1826EF2F0076B2C9 /* png.h */,
				D257D5601826EF2F0076B2C9 /* pngconf.h */,
				D257D5611826EF2F0076B2C9 /* pngdebug.h */,
				D257D5621826EF2F0076B2C9 /* pngerror.c */,
				D257D5631826EF2F0076B2C9 /* pngget.c */,
				D257D5641826EF2F0076B2C9 /* pnginfo.h */,
				D257D5651826EF2F0076B2C9 /* pnglibconf.h */,
				D257D5661826EF2F0076B2C9 /* pngmem.c */,
				D257D5671826EF2F0076B2C9 /* pngpread.c */,
				D257D5681826EF2F0076B2C9 /* pngpriv.h */,
				D257D5691826EF2F0076B2C9 /* pngread.c */,
				D257D56A1826EF2F0076B2C9 /* pngrio.c */,
				D257D56B1826EF2F0076B2C9 /* pngrtran.c */,
				D257D56C1826EF2F0076B2C9 /* pngrutil.c */,
				D257D56D1826EF2F0076B2C9 /* pngset.c */,
				D257D56E1826EF2F0076B2C9 /* pngstruct.h */,
				D257D56F1826EF2F0076B2C9 /* pngtrans.c */,
				D257D5701826EF2F0076B2C9 /* pngwio.c */,
				D257D5711826EF2F0076B2C9 /* pngwrite.c */,
				D257D5721826EF2F0076B2C9 /* pngwtran.c */,
				D257D5731826EF2F0076B2C9 /* pngwutil.c */,
			);
			path = libpng;
			sourceTree = "<group>";
		};
/* End PBXGroup section */

/* Begin PBXNativeTarget section */
		BE7541A11814724C00F952FA /* SFSInterlacedImageView */ = {
			isa = PBXNativeTarget;
			buildConfigurationList = BE7541D71814724C00F952FA /* Build configuration list for PBXNativeTarget "SFSInterlacedImageView" */;
			buildPhases = (
				BE75419E1814724C00F952FA /* Sources */,
				BE75419F1814724C00F952FA /* Frameworks */,
				BE7541A01814724C00F952FA /* Resources */,
			);
			buildRules = (
			);
			dependencies = (
			);
			name = SFSInterlacedImageView;
			productName = SFSInterlacedImageView;
			productReference = BE7541A21814724C00F952FA /* SFSInterlacedImageView.app */;
			productType = "com.apple.product-type.application";
		};
		BE7541C51814724C00F952FA /* SFSInterlacedImageViewTests */ = {
			isa = PBXNativeTarget;
			buildConfigurationList = BE7541DA1814724C00F952FA /* Build configuration list for PBXNativeTarget "SFSInterlacedImageViewTests" */;
			buildPhases = (
				BE7541C21814724C00F952FA /* Sources */,
				BE7541C31814724C00F952FA /* Frameworks */,
				BE7541C41814724C00F952FA /* Resources */,
			);
			buildRules = (
			);
			dependencies = (
				BE7541CC1814724C00F952FA /* PBXTargetDependency */,
			);
			name = SFSInterlacedImageViewTests;
			productName = SFSInterlacedImageViewTests;
			productReference = BE7541C61814724C00F952FA /* SFSInterlacedImageViewTests.xctest */;
			productType = "com.apple.product-type.bundle.unit-test";
		};
/* End PBXNativeTarget section */

/* Begin PBXProject section */
		BE75419A1814724C00F952FA /* Project object */ = {
			isa = PBXProject;
			attributes = {
				CLASSPREFIX = SFS;
				LastUpgradeCheck = 0500;
				ORGANIZATIONNAME = "Space Factory Studios";
				TargetAttributes = {
					BE7541C51814724C00F952FA = {
						TestTargetID = BE7541A11814724C00F952FA;
					};
				};
			};
			buildConfigurationList = BE75419D1814724C00F952FA /* Build configuration list for PBXProject "SFSInterlacedImageView" */;
			compatibilityVersion = "Xcode 3.2";
			developmentRegion = English;
			hasScannedForEncodings = 0;
			knownRegions = (
				en,
				Base,
			);
			mainGroup = BE7541991814724C00F952FA;
			productRefGroup = BE7541A31814724C00F952FA /* Products */;
			projectDirPath = "";
			projectRoot = "";
			targets = (
				BE7541A11814724C00F952FA /* SFSInterlacedImageView */,
				BE7541C51814724C00F952FA /* SFSInterlacedImageViewTests */,
			);
		};
/* End PBXProject section */

/* Begin PBXResourcesBuildPhase section */
		BE7541A01814724C00F952FA /* Resources */ = {
			isa = PBXResourcesBuildPhase;
			buildActionMask = 2147483647;
			files = (
				BE7541BC1814724C00F952FA /* Main_iPad.storyboard in Resources */,
				D257D5761826EF2F0076B2C9 /* LICENSE.libpng in Resources */,
				BE7541C11814724C00F952FA /* Images.xcassets in Resources */,
				BE7541B91814724C00F952FA /* Main_iPhone.storyboard in Resources */,
				BE7541B01814724C00F952FA /* InfoPlist.strings in Resources */,
			);
			runOnlyForDeploymentPostprocessing = 0;
		};
		BE7541C41814724C00F952FA /* Resources */ = {
			isa = PBXResourcesBuildPhase;
			buildActionMask = 2147483647;
			files = (
			);
			runOnlyForDeploymentPostprocessing = 0;
		};
/* End PBXResourcesBuildPhase section */

/* Begin PBXSourcesBuildPhase section */
		BE75419E1814724C00F952FA /* Sources */ = {
			isa = PBXSourcesBuildPhase;
			buildActionMask = 2147483647;
			files = (
				D257D5811826EF2F0076B2C9 /* pngtrans.c in Sources */,
				D257D57F1826EF2F0076B2C9 /* pngrutil.c in Sources */,
				BE7541E01814726F00F952FA /* SFSInterlacedImageView.m in Sources */,
				D257D5831826EF2F0076B2C9 /* pngwrite.c in Sources */,
				D257D57C1826EF2F0076B2C9 /* pngread.c in Sources */,
				D257D57D1826EF2F0076B2C9 /* pngrio.c in Sources */,
				BE7541E3181472AD00F952FA /* SFSImageInterlacer.m in Sources */,
				D257D5851826EF2F0076B2C9 /* pngwutil.c in Sources */,
				BE7541B21814724C00F952FA /* main.m in Sources */,
				D257D5781826EF2F0076B2C9 /* pngerror.c in Sources */,
				D257D57B1826EF2F0076B2C9 /* pngpread.c in Sources */,
				D257D5791826EF2F0076B2C9 /* pngget.c in Sources */,
				D257D5771826EF2F0076B2C9 /* png.c in Sources */,
				D257D5751826EF2F0076B2C9 /* libpng.m in Sources */,
				D257D57A1826EF2F0076B2C9 /* pngmem.c in Sources */,
				D257D5821826EF2F0076B2C9 /* pngwio.c in Sources */,
				BE7541E6181472CF00F952FA /* SFSImageDataProvider.mm in Sources */,
				D257D5841826EF2F0076B2C9 /* pngwtran.c in Sources */,
				BE7541B61814724C00F952FA /* SFSAppDelegate.m in Sources */,
				D257D57E1826EF2F0076B2C9 /* pngrtran.c in Sources */,
				D257D5801826EF2F0076B2C9 /* pngset.c in Sources */,
				BE7541BF1814724C00F952FA /* SFSViewController.m in Sources */,
			);
			runOnlyForDeploymentPostprocessing = 0;
		};
		BE7541C21814724C00F952FA /* Sources */ = {
			isa = PBXSourcesBuildPhase;
			buildActionMask = 2147483647;
			files = (
			);
			runOnlyForDeploymentPostprocessing = 0;
		};
/* End PBXSourcesBuildPhase section */

/* Begin PBXTargetDependency section */
		BE7541CC1814724C00F952FA /* PBXTargetDependency */ = {
			isa = PBXTargetDependency;
			target = BE7541A11814724C00F952FA /* SFSInterlacedImageView */;
			targetProxy = BE7541CB1814724C00F952FA /* PBXContainerItemProxy */;
		};
/* End PBXTargetDependency section */

/* Begin PBXVariantGroup section */
		BE7541AE1814724C00F952FA /* InfoPlist.strings */ = {
			isa = PBXVariantGroup;
			children = (
				BE7541AF1814724C00F952FA /* en */,
			);
			name = InfoPlist.strings;
			sourceTree = "<group>";
		};
		BE7541B71814724C00F952FA /* Main_iPhone.storyboard */ = {
			isa = PBXVariantGroup;
			children = (
				BE7541B81814724C00F952FA /* Base */,
			);
			name = Main_iPhone.storyboard;
			sourceTree = "<group>";
		};
		BE7541BA1814724C00F952FA /* Main_iPad.storyboard */ = {
			isa = PBXVariantGroup;
			children = (
				BE7541BB1814724C00F952FA /* Base */,
			);
			name = Main_iPad.storyboard;
			sourceTree = "<group>";
		};
/* End PBXVariantGroup section */

/* Begin XCBuildConfiguration section */
		BE7541D51814724C00F952FA /* Debug */ = {
			isa = XCBuildConfiguration;
			buildSettings = {
				ALWAYS_SEARCH_USER_PATHS = NO;
				ARCHS = "$(ARCHS_STANDARD_INCLUDING_64_BIT)";
				CLANG_CXX_LANGUAGE_STANDARD = "gnu++0x";
				CLANG_CXX_LIBRARY = "libc++";
				CLANG_ENABLE_MODULES = YES;
				CLANG_ENABLE_OBJC_ARC = YES;
				CLANG_WARN_BOOL_CONVERSION = YES;
				CLANG_WARN_CONSTANT_CONVERSION = YES;
				CLANG_WARN_DIRECT_OBJC_ISA_USAGE = YES_ERROR;
				CLANG_WARN_EMPTY_BODY = YES;
				CLANG_WARN_ENUM_CONVERSION = YES;
				CLANG_WARN_INT_CONVERSION = YES;
				CLANG_WARN_OBJC_ROOT_CLASS = YES_ERROR;
				CLANG_WARN__DUPLICATE_METHOD_MATCH = YES;
				"CODE_SIGN_IDENTITY[sdk=iphoneos*]" = "iPhone Developer";
				COPY_PHASE_STRIP = NO;
				GCC_C_LANGUAGE_STANDARD = gnu99;
				GCC_DYNAMIC_NO_PIC = NO;
				GCC_OPTIMIZATION_LEVEL = 0;
				GCC_PREPROCESSOR_DEFINITIONS = (
					"DEBUG=1",
					"$(inherited)",
				);
				GCC_SYMBOLS_PRIVATE_EXTERN = NO;
				GCC_WARN_64_TO_32_BIT_CONVERSION = YES;
				GCC_WARN_ABOUT_RETURN_TYPE = YES_ERROR;
				GCC_WARN_UNDECLARED_SELECTOR = YES;
				GCC_WARN_UNINITIALIZED_AUTOS = YES;
				GCC_WARN_UNUSED_FUNCTION = YES;
				GCC_WARN_UNUSED_VARIABLE = YES;
				IPHONEOS_DEPLOYMENT_TARGET = 7.0;
				ONLY_ACTIVE_ARCH = YES;
				SDKROOT = iphoneos;
				TARGETED_DEVICE_FAMILY = "1,2";
			};
			name = Debug;
		};
		BE7541D61814724C00F952FA /* Release */ = {
			isa = XCBuildConfiguration;
			buildSettings = {
				ALWAYS_SEARCH_USER_PATHS = NO;
				ARCHS = "$(ARCHS_STANDARD_INCLUDING_64_BIT)";
				CLANG_CXX_LANGUAGE_STANDARD = "gnu++0x";
				CLANG_CXX_LIBRARY = "libc++";
				CLANG_ENABLE_MODULES = YES;
				CLANG_ENABLE_OBJC_ARC = YES;
				CLANG_WARN_BOOL_CONVERSION = YES;
				CLANG_WARN_CONSTANT_CONVERSION = YES;
				CLANG_WARN_DIRECT_OBJC_ISA_USAGE = YES_ERROR;
				CLANG_WARN_EMPTY_BODY = YES;
				CLANG_WARN_ENUM_CONVERSION = YES;
				CLANG_WARN_INT_CONVERSION = YES;
				CLANG_WARN_OBJC_ROOT_CLASS = YES_ERROR;
				CLANG_WARN__DUPLICATE_METHOD_MATCH = YES;
				"CODE_SIGN_IDENTITY[sdk=iphoneos*]" = "iPhone Developer";
				COPY_PHASE_STRIP = YES;
				ENABLE_NS_ASSERTIONS = NO;
				GCC_C_LANGUAGE_STANDARD = gnu99;
				GCC_WARN_64_TO_32_BIT_CONVERSION = YES;
				GCC_WARN_ABOUT_RETURN_TYPE = YES_ERROR;
				GCC_WARN_UNDECLARED_SELECTOR = YES;
				GCC_WARN_UNINITIALIZED_AUTOS = YES;
				GCC_WARN_UNUSED_FUNCTION = YES;
				GCC_WARN_UNUSED_VARIABLE = YES;
				IPHONEOS_DEPLOYMENT_TARGET = 7.0;
				SDKROOT = iphoneos;
				TARGETED_DEVICE_FAMILY = "1,2";
				VALIDATE_PRODUCT = YES;
			};
			name = Release;
		};
		BE7541D81814724C00F952FA /* Debug */ = {
			isa = XCBuildConfiguration;
			buildSettings = {
				ASSETCATALOG_COMPILER_APPICON_NAME = AppIcon;
				ASSETCATALOG_COMPILER_LAUNCHIMAGE_NAME = LaunchImage;
				CODE_SIGN_IDENTITY = "";
				GCC_PRECOMPILE_PREFIX_HEADER = YES;
				GCC_PREFIX_HEADER = "SFSInterlacedImageView/SFSInterlacedImageView-Prefix.pch";
				INFOPLIST_FILE = "SFSInterlacedImageView/SFSInterlacedImageView-Info.plist";
				LIBRARY_SEARCH_PATHS = (
					"\"$(SRCROOT)/External/\"",
					"$(inherited)",
				);
				PRODUCT_NAME = "$(TARGET_NAME)";
				PROVISIONING_PROFILE = "";
				WRAPPER_EXTENSION = app;
			};
			name = Debug;
		};
		BE7541D91814724C00F952FA /* Release */ = {
			isa = XCBuildConfiguration;
			buildSettings = {
				ASSETCATALOG_COMPILER_APPICON_NAME = AppIcon;
				ASSETCATALOG_COMPILER_LAUNCHIMAGE_NAME = LaunchImage;
				CODE_SIGN_IDENTITY = "";
				GCC_PRECOMPILE_PREFIX_HEADER = YES;
				GCC_PREFIX_HEADER = "SFSInterlacedImageView/SFSInterlacedImageView-Prefix.pch";
				INFOPLIST_FILE = "SFSInterlacedImageView/SFSInterlacedImageView-Info.plist";
				LIBRARY_SEARCH_PATHS = (
					"\"$(SRCROOT)/External/\"",
					"$(inherited)",
				);
				PRODUCT_NAME = "$(TARGET_NAME)";
				PROVISIONING_PROFILE = "";
				WRAPPER_EXTENSION = app;
			};
			name = Release;
		};
		BE7541DB1814724C00F952FA /* Debug */ = {
			isa = XCBuildConfiguration;
			buildSettings = {
				ARCHS = "$(ARCHS_STANDARD_INCLUDING_64_BIT)";
				BUNDLE_LOADER = "$(BUILT_PRODUCTS_DIR)/SFSInterlacedImageView.app/SFSInterlacedImageView";
				FRAMEWORK_SEARCH_PATHS = (
					"$(SDKROOT)/Developer/Library/Frameworks",
					"$(inherited)",
					"$(DEVELOPER_FRAMEWORKS_DIR)",
				);
				GCC_PRECOMPILE_PREFIX_HEADER = YES;
				GCC_PREFIX_HEADER = "SFSInterlacedImageView/SFSInterlacedImageView-Prefix.pch";
				GCC_PREPROCESSOR_DEFINITIONS = (
					"DEBUG=1",
					"$(inherited)",
				);
				INFOPLIST_FILE = "SFSInterlacedImageViewTests/SFSInterlacedImageViewTests-Info.plist";
				PRODUCT_NAME = "$(TARGET_NAME)";
				TEST_HOST = "$(BUNDLE_LOADER)";
				WRAPPER_EXTENSION = xctest;
			};
			name = Debug;
		};
		BE7541DC1814724C00F952FA /* Release */ = {
			isa = XCBuildConfiguration;
			buildSettings = {
				ARCHS = "$(ARCHS_STANDARD_INCLUDING_64_BIT)";
				BUNDLE_LOADER = "$(BUILT_PRODUCTS_DIR)/SFSInterlacedImageView.app/SFSInterlacedImageView";
				FRAMEWORK_SEARCH_PATHS = (
					"$(SDKROOT)/Developer/Library/Frameworks",
					"$(inherited)",
					"$(DEVELOPER_FRAMEWORKS_DIR)",
				);
				GCC_PRECOMPILE_PREFIX_HEADER = YES;
				GCC_PREFIX_HEADER = "SFSInterlacedImageView/SFSInterlacedImageView-Prefix.pch";
				INFOPLIST_FILE = "SFSInterlacedImageViewTests/SFSInterlacedImageViewTests-Info.plist";
				PRODUCT_NAME = "$(TARGET_NAME)";
				TEST_HOST = "$(BUNDLE_LOADER)";
				WRAPPER_EXTENSION = xctest;
			};
			name = Release;
		};
/* End XCBuildConfiguration section */

/* Begin XCConfigurationList section */
		BE75419D1814724C00F952FA /* Build configuration list for PBXProject "SFSInterlacedImageView" */ = {
			isa = XCConfigurationList;
			buildConfigurations = (
				BE7541D51814724C00F952FA /* Debug */,
				BE7541D61814724C00F952FA /* Release */,
			);
			defaultConfigurationIsVisible = 0;
			defaultConfigurationName = Release;
		};
		BE7541D71814724C00F952FA /* Build configuration list for PBXNativeTarget "SFSInterlacedImageView" */ = {
			isa = XCConfigurationList;
			buildConfigurations = (
				BE7541D81814724C00F952FA /* Debug */,
				BE7541D91814724C00F952FA /* Release */,
			);
			defaultConfigurationIsVisible = 0;
			defaultConfigurationName = Release;
		};
		BE7541DA1814724C00F952FA /* Build configuration list for PBXNativeTarget "SFSInterlacedImageViewTests" */ = {
			isa = XCConfigurationList;
			buildConfigurations = (
				BE7541DB1814724C00F952FA /* Debug */,
				BE7541DC1814724C00F952FA /* Release */,
			);
			defaultConfigurationIsVisible = 0;
			defaultConfigurationName = Release;
		};
/* End XCConfigurationList section */
	};
	rootObject = BE75419A1814724C00F952FA /* Project object */;
}
